// !$*UTF8*$!
{
	archiveVersion = 1;
	classes = {
	};
	objectVersion = 50;
	objects = {

/* Begin PBXBuildFile section */
		A31A7D4580A69A63B1E1C297 /* libPods-MyVMapOnTheGo.a in Frameworks */ = {isa = PBXBuildFile; fileRef = A4AFBED4B3EFFCECF7A862E7 /* libPods-MyVMapOnTheGo.a */; };
		BE4E20122196DEE8001FA836 /* LoginViewController.swift in Sources */ = {isa = PBXBuildFile; fileRef = BE4E20112196DEE8001FA836 /* LoginViewController.swift */; };
		BE4E20152196DF35001FA836 /* StyledButton.swift in Sources */ = {isa = PBXBuildFile; fileRef = BE4E20142196DF35001FA836 /* StyledButton.swift */; };
		BE597E01218DA837007E447A /* AppDelegate.swift in Sources */ = {isa = PBXBuildFile; fileRef = BE597E00218DA837007E447A /* AppDelegate.swift */; };
		BE597E06218DA837007E447A /* Main.storyboard in Resources */ = {isa = PBXBuildFile; fileRef = BE597E04218DA837007E447A /* Main.storyboard */; };
		BE597E08218DA838007E447A /* Assets.xcassets in Resources */ = {isa = PBXBuildFile; fileRef = BE597E07218DA838007E447A /* Assets.xcassets */; };
		BE597E0B218DA838007E447A /* LaunchScreen.storyboard in Resources */ = {isa = PBXBuildFile; fileRef = BE597E09218DA838007E447A /* LaunchScreen.storyboard */; };
		BE597E16218DA838007E447A /* MyVMapOnTheGoTests.swift in Sources */ = {isa = PBXBuildFile; fileRef = BE597E15218DA838007E447A /* MyVMapOnTheGoTests.swift */; };
		BE597E21218DA838007E447A /* MyVMapOnTheGoUITests.swift in Sources */ = {isa = PBXBuildFile; fileRef = BE597E20218DA838007E447A /* MyVMapOnTheGoUITests.swift */; };
		BE597E35218DAE3D007E447A /* Podfile in Resources */ = {isa = PBXBuildFile; fileRef = BE597E34218DAE3D007E447A /* Podfile */; };
		BE597E3B218DDC80007E447A /* Default-568h@2x.png in Resources */ = {isa = PBXBuildFile; fileRef = BE597E3A218DDC80007E447A /* Default-568h@2x.png */; };
		BE597E3F218DE66D007E447A /* GoogleService-Info.plist in Resources */ = {isa = PBXBuildFile; fileRef = BE597E3E218DE66D007E447A /* GoogleService-Info.plist */; };
		BE98FD562196E42E00DC9D4D /* UdacityClient.swift in Sources */ = {isa = PBXBuildFile; fileRef = BE98FD552196E42E00DC9D4D /* UdacityClient.swift */; };
		BE98FD582196E43C00DC9D4D /* ParseClient.swift in Sources */ = {isa = PBXBuildFile; fileRef = BE98FD572196E43C00DC9D4D /* ParseClient.swift */; };
		BE98FD5B2196EA1D00DC9D4D /* UdacityConstants.swift in Sources */ = {isa = PBXBuildFile; fileRef = BE98FD5A2196EA1D00DC9D4D /* UdacityConstants.swift */; };
		BE9F361221A0031600957323 /* GCDBlackBox.swift in Sources */ = {isa = PBXBuildFile; fileRef = BE9F361121A0031600957323 /* GCDBlackBox.swift */; };
		BE9F361421A003AF00957323 /* UdacityConvenience.swift in Sources */ = {isa = PBXBuildFile; fileRef = BE9F361321A003AF00957323 /* UdacityConvenience.swift */; };
		BEE2067921B2528D00676D35 /* ParseConstants.swift in Sources */ = {isa = PBXBuildFile; fileRef = BEE2067821B2528D00676D35 /* ParseConstants.swift */; };
/* End PBXBuildFile section */

/* Begin PBXContainerItemProxy section */
		BE597E12218DA838007E447A /* PBXContainerItemProxy */ = {
			isa = PBXContainerItemProxy;
			containerPortal = BE597DF5218DA837007E447A /* Project object */;
			proxyType = 1;
			remoteGlobalIDString = BE597DFC218DA837007E447A;
			remoteInfo = MyVMapOnTheGo;
		};
		BE597E1D218DA838007E447A /* PBXContainerItemProxy */ = {
			isa = PBXContainerItemProxy;
			containerPortal = BE597DF5218DA837007E447A /* Project object */;
			proxyType = 1;
			remoteGlobalIDString = BE597DFC218DA837007E447A;
			remoteInfo = MyVMapOnTheGo;
		};
/* End PBXContainerItemProxy section */

/* Begin PBXFileReference section */
		42929F5C6F8A0C155FF3E8C4 /* Pods-MyVMapOnTheGo.debug.xcconfig */ = {isa = PBXFileReference; includeInIndex = 1; lastKnownFileType = text.xcconfig; name = "Pods-MyVMapOnTheGo.debug.xcconfig"; path = "MyVMapOnTheGo/Pods/Target Support Files/Pods-MyVMapOnTheGo/Pods-MyVMapOnTheGo.debug.xcconfig"; sourceTree = "<group>"; };
		6F02160908C2F2CCB6295BCF /* Pods-MyVMapOnTheGo.release.xcconfig */ = {isa = PBXFileReference; includeInIndex = 1; lastKnownFileType = text.xcconfig; name = "Pods-MyVMapOnTheGo.release.xcconfig"; path = "MyVMapOnTheGo/Pods/Target Support Files/Pods-MyVMapOnTheGo/Pods-MyVMapOnTheGo.release.xcconfig"; sourceTree = "<group>"; };
		A4AFBED4B3EFFCECF7A862E7 /* libPods-MyVMapOnTheGo.a */ = {isa = PBXFileReference; explicitFileType = archive.ar; includeInIndex = 0; path = "libPods-MyVMapOnTheGo.a"; sourceTree = BUILT_PRODUCTS_DIR; };
		BE4E20112196DEE8001FA836 /* LoginViewController.swift */ = {isa = PBXFileReference; lastKnownFileType = sourcecode.swift; path = LoginViewController.swift; sourceTree = "<group>"; };
		BE4E20142196DF35001FA836 /* StyledButton.swift */ = {isa = PBXFileReference; lastKnownFileType = sourcecode.swift; path = StyledButton.swift; sourceTree = "<group>"; };
		BE597DFD218DA837007E447A /* MyVMapOnTheGo.app */ = {isa = PBXFileReference; explicitFileType = wrapper.application; includeInIndex = 0; path = MyVMapOnTheGo.app; sourceTree = BUILT_PRODUCTS_DIR; };
		BE597E00218DA837007E447A /* AppDelegate.swift */ = {isa = PBXFileReference; lastKnownFileType = sourcecode.swift; path = AppDelegate.swift; sourceTree = "<group>"; };
		BE597E05218DA837007E447A /* Base */ = {isa = PBXFileReference; lastKnownFileType = file.storyboard; name = Base; path = Base.lproj/Main.storyboard; sourceTree = "<group>"; };
		BE597E07218DA838007E447A /* Assets.xcassets */ = {isa = PBXFileReference; lastKnownFileType = folder.assetcatalog; path = Assets.xcassets; sourceTree = "<group>"; };
		BE597E0A218DA838007E447A /* Base */ = {isa = PBXFileReference; lastKnownFileType = file.storyboard; name = Base; path = Base.lproj/LaunchScreen.storyboard; sourceTree = "<group>"; };
		BE597E0C218DA838007E447A /* Info.plist */ = {isa = PBXFileReference; lastKnownFileType = text.plist.xml; path = Info.plist; sourceTree = "<group>"; };
		BE597E11218DA838007E447A /* MyVMapOnTheGoTests.xctest */ = {isa = PBXFileReference; explicitFileType = wrapper.cfbundle; includeInIndex = 0; path = MyVMapOnTheGoTests.xctest; sourceTree = BUILT_PRODUCTS_DIR; };
		BE597E15218DA838007E447A /* MyVMapOnTheGoTests.swift */ = {isa = PBXFileReference; lastKnownFileType = sourcecode.swift; path = MyVMapOnTheGoTests.swift; sourceTree = "<group>"; };
		BE597E17218DA838007E447A /* Info.plist */ = {isa = PBXFileReference; lastKnownFileType = text.plist.xml; path = Info.plist; sourceTree = "<group>"; };
		BE597E1C218DA838007E447A /* MyVMapOnTheGoUITests.xctest */ = {isa = PBXFileReference; explicitFileType = wrapper.cfbundle; includeInIndex = 0; path = MyVMapOnTheGoUITests.xctest; sourceTree = BUILT_PRODUCTS_DIR; };
		BE597E20218DA838007E447A /* MyVMapOnTheGoUITests.swift */ = {isa = PBXFileReference; lastKnownFileType = sourcecode.swift; path = MyVMapOnTheGoUITests.swift; sourceTree = "<group>"; };
		BE597E22218DA838007E447A /* Info.plist */ = {isa = PBXFileReference; lastKnownFileType = text.plist.xml; path = Info.plist; sourceTree = "<group>"; };
		BE597E34218DAE3D007E447A /* Podfile */ = {isa = PBXFileReference; lastKnownFileType = text; path = Podfile; sourceTree = "<group>"; };
		BE597E3A218DDC80007E447A /* Default-568h@2x.png */ = {isa = PBXFileReference; lastKnownFileType = image.png; path = "Default-568h@2x.png"; sourceTree = "<group>"; };
		BE597E3E218DE66D007E447A /* GoogleService-Info.plist */ = {isa = PBXFileReference; fileEncoding = 4; lastKnownFileType = text.plist.xml; name = "GoogleService-Info.plist"; path = "../../../../../Downloads/GoogleService-Info.plist"; sourceTree = "<group>"; };
		BE98FD552196E42E00DC9D4D /* UdacityClient.swift */ = {isa = PBXFileReference; lastKnownFileType = sourcecode.swift; path = UdacityClient.swift; sourceTree = "<group>"; };
		BE98FD572196E43C00DC9D4D /* ParseClient.swift */ = {isa = PBXFileReference; lastKnownFileType = sourcecode.swift; path = ParseClient.swift; sourceTree = "<group>"; };
		BE98FD5A2196EA1D00DC9D4D /* UdacityConstants.swift */ = {isa = PBXFileReference; lastKnownFileType = sourcecode.swift; path = UdacityConstants.swift; sourceTree = "<group>"; };
		BE9F361121A0031600957323 /* GCDBlackBox.swift */ = {isa = PBXFileReference; lastKnownFileType = sourcecode.swift; path = GCDBlackBox.swift; sourceTree = "<group>"; };
		BE9F361321A003AF00957323 /* UdacityConvenience.swift */ = {isa = PBXFileReference; lastKnownFileType = sourcecode.swift; path = UdacityConvenience.swift; sourceTree = "<group>"; };
		BEE2067821B2528D00676D35 /* ParseConstants.swift */ = {isa = PBXFileReference; lastKnownFileType = sourcecode.swift; path = ParseConstants.swift; sourceTree = "<group>"; };
/* End PBXFileReference section */

/* Begin PBXFrameworksBuildPhase section */
		BE597DFA218DA837007E447A /* Frameworks */ = {
			isa = PBXFrameworksBuildPhase;
			buildActionMask = 2147483647;
			files = (
				A31A7D4580A69A63B1E1C297 /* libPods-MyVMapOnTheGo.a in Frameworks */,
			);
			runOnlyForDeploymentPostprocessing = 0;
		};
		BE597E0E218DA838007E447A /* Frameworks */ = {
			isa = PBXFrameworksBuildPhase;
			buildActionMask = 2147483647;
			files = (
			);
			runOnlyForDeploymentPostprocessing = 0;
		};
		BE597E19218DA838007E447A /* Frameworks */ = {
			isa = PBXFrameworksBuildPhase;
			buildActionMask = 2147483647;
			files = (
			);
			runOnlyForDeploymentPostprocessing = 0;
		};
/* End PBXFrameworksBuildPhase section */

/* Begin PBXGroup section */
		935E51AFA936105CA533758C /* Pods */ = {
			isa = PBXGroup;
			children = (
				42929F5C6F8A0C155FF3E8C4 /* Pods-MyVMapOnTheGo.debug.xcconfig */,
				6F02160908C2F2CCB6295BCF /* Pods-MyVMapOnTheGo.release.xcconfig */,
			);
			name = Pods;
			sourceTree = "<group>";
		};
		BE4E20102196DEBF001FA836 /* Controller */ = {
			isa = PBXGroup;
			children = (
				BE4E20112196DEE8001FA836 /* LoginViewController.swift */,
			);
			path = Controller;
			sourceTree = "<group>";
		};
		BE4E20132196DF0F001FA836 /* View */ = {
			isa = PBXGroup;
			children = (
				BE4E20142196DF35001FA836 /* StyledButton.swift */,
			);
			path = View;
			sourceTree = "<group>";
		};
		BE597DF4218DA837007E447A = {
			isa = PBXGroup;
			children = (
				BE597E3A218DDC80007E447A /* Default-568h@2x.png */,
				BE597DFF218DA837007E447A /* MyVMapOnTheGo */,
				BE597E14218DA838007E447A /* MyVMapOnTheGoTests */,
				BE597E1F218DA838007E447A /* MyVMapOnTheGoUITests */,
				BE597DFE218DA837007E447A /* Products */,
				935E51AFA936105CA533758C /* Pods */,
				DEE057F1D700232B0CB0A2C0 /* Frameworks */,
			);
			sourceTree = "<group>";
		};
		BE597DFE218DA837007E447A /* Products */ = {
			isa = PBXGroup;
			children = (
				BE597DFD218DA837007E447A /* MyVMapOnTheGo.app */,
				BE597E11218DA838007E447A /* MyVMapOnTheGoTests.xctest */,
				BE597E1C218DA838007E447A /* MyVMapOnTheGoUITests.xctest */,
			);
			name = Products;
			sourceTree = "<group>";
		};
		BE597DFF218DA837007E447A /* MyVMapOnTheGo */ = {
			isa = PBXGroup;
			children = (
				BE98FD532196E41100DC9D4D /* Model */,
				BE4E20132196DF0F001FA836 /* View */,
				BE4E20102196DEBF001FA836 /* Controller */,
				BE597E3E218DE66D007E447A /* GoogleService-Info.plist */,
				BE597E0C218DA838007E447A /* Info.plist */,
				BE597E33218DAB56007E447A /* Supporting Files */,
				BE597E32218DAB4A007E447A /* Assets */,
				BE597E00218DA837007E447A /* AppDelegate.swift */,
				BE597E34218DAE3D007E447A /* Podfile */,
				BE9F361121A0031600957323 /* GCDBlackBox.swift */,
			);
			path = MyVMapOnTheGo;
			sourceTree = "<group>";
		};
		BE597E14218DA838007E447A /* MyVMapOnTheGoTests */ = {
			isa = PBXGroup;
			children = (
				BE597E15218DA838007E447A /* MyVMapOnTheGoTests.swift */,
				BE597E17218DA838007E447A /* Info.plist */,
			);
			path = MyVMapOnTheGoTests;
			sourceTree = "<group>";
		};
		BE597E1F218DA838007E447A /* MyVMapOnTheGoUITests */ = {
			isa = PBXGroup;
			children = (
				BE597E20218DA838007E447A /* MyVMapOnTheGoUITests.swift */,
				BE597E22218DA838007E447A /* Info.plist */,
			);
			path = MyVMapOnTheGoUITests;
			sourceTree = "<group>";
		};
		BE597E32218DAB4A007E447A /* Assets */ = {
			isa = PBXGroup;
			children = (
				BE597E04218DA837007E447A /* Main.storyboard */,
				BE597E07218DA838007E447A /* Assets.xcassets */,
				BE597E09218DA838007E447A /* LaunchScreen.storyboard */,
			);
			path = Assets;
			sourceTree = "<group>";
		};
		BE597E33218DAB56007E447A /* Supporting Files */ = {
			isa = PBXGroup;
			children = (
			);
			path = "Supporting Files";
			sourceTree = "<group>";
		};
		BE98FD532196E41100DC9D4D /* Model */ = {
			isa = PBXGroup;
			children = (
				BE98FD542196E41E00DC9D4D /* Client */,
			);
			path = Model;
			sourceTree = "<group>";
		};
		BE98FD542196E41E00DC9D4D /* Client */ = {
			isa = PBXGroup;
			children = (
				BEE2067A21B253CC00676D35 /* Parse */,
				BE98FD592196E50800DC9D4D /* Udacity */,
			);
			path = Client;
			sourceTree = "<group>";
		};
		BE98FD592196E50800DC9D4D /* Udacity */ = {
			isa = PBXGroup;
			children = (
				BE98FD552196E42E00DC9D4D /* UdacityClient.swift */,
				BE98FD5A2196EA1D00DC9D4D /* UdacityConstants.swift */,
				BE9F361321A003AF00957323 /* UdacityConvenience.swift */,
			);
			path = Udacity;
			sourceTree = "<group>";
		};
		BEE2067A21B253CC00676D35 /* Parse */ = {
			isa = PBXGroup;
			children = (
				BE98FD572196E43C00DC9D4D /* ParseClient.swift */,
				BEE2067821B2528D00676D35 /* ParseConstants.swift */,
			);
			path = Parse;
			sourceTree = "<group>";
		};
		DEE057F1D700232B0CB0A2C0 /* Frameworks */ = {
			isa = PBXGroup;
			children = (
				A4AFBED4B3EFFCECF7A862E7 /* libPods-MyVMapOnTheGo.a */,
			);
			name = Frameworks;
			sourceTree = "<group>";
		};
/* End PBXGroup section */

/* Begin PBXNativeTarget section */
		BE597DFC218DA837007E447A /* MyVMapOnTheGo */ = {
			isa = PBXNativeTarget;
			buildConfigurationList = BE597E25218DA838007E447A /* Build configuration list for PBXNativeTarget "MyVMapOnTheGo" */;
			buildPhases = (
				6105119F6F06EF4A12655E88 /* [CP] Check Pods Manifest.lock */,
				BE597DF9218DA837007E447A /* Sources */,
				BE597DFA218DA837007E447A /* Frameworks */,
				BE597DFB218DA837007E447A /* Resources */,
				9C5B729F982E4B3ABDD15FC3 /* [CP] Copy Pods Resources */,
			);
			buildRules = (
			);
			dependencies = (
			);
			name = MyVMapOnTheGo;
			productName = MyVMapOnTheGo;
			productReference = BE597DFD218DA837007E447A /* MyVMapOnTheGo.app */;
			productType = "com.apple.product-type.application";
		};
		BE597E10218DA838007E447A /* MyVMapOnTheGoTests */ = {
			isa = PBXNativeTarget;
			buildConfigurationList = BE597E28218DA838007E447A /* Build configuration list for PBXNativeTarget "MyVMapOnTheGoTests" */;
			buildPhases = (
				BE597E0D218DA838007E447A /* Sources */,
				BE597E0E218DA838007E447A /* Frameworks */,
				BE597E0F218DA838007E447A /* Resources */,
			);
			buildRules = (
			);
			dependencies = (
				BE597E13218DA838007E447A /* PBXTargetDependency */,
			);
			name = MyVMapOnTheGoTests;
			productName = MyVMapOnTheGoTests;
			productReference = BE597E11218DA838007E447A /* MyVMapOnTheGoTests.xctest */;
			productType = "com.apple.product-type.bundle.unit-test";
		};
		BE597E1B218DA838007E447A /* MyVMapOnTheGoUITests */ = {
			isa = PBXNativeTarget;
			buildConfigurationList = BE597E2B218DA838007E447A /* Build configuration list for PBXNativeTarget "MyVMapOnTheGoUITests" */;
			buildPhases = (
				BE597E18218DA838007E447A /* Sources */,
				BE597E19218DA838007E447A /* Frameworks */,
				BE597E1A218DA838007E447A /* Resources */,
			);
			buildRules = (
			);
			dependencies = (
				BE597E1E218DA838007E447A /* PBXTargetDependency */,
			);
			name = MyVMapOnTheGoUITests;
			productName = MyVMapOnTheGoUITests;
			productReference = BE597E1C218DA838007E447A /* MyVMapOnTheGoUITests.xctest */;
			productType = "com.apple.product-type.bundle.ui-testing";
		};
/* End PBXNativeTarget section */

/* Begin PBXProject section */
		BE597DF5218DA837007E447A /* Project object */ = {
			isa = PBXProject;
			attributes = {
				LastSwiftUpdateCheck = 1010;
				LastUpgradeCheck = 1010;
				ORGANIZATIONNAME = "Vedarth Solutions";
				TargetAttributes = {
					BE597DFC218DA837007E447A = {
						CreatedOnToolsVersion = 10.1;
					};
					BE597E10218DA838007E447A = {
						CreatedOnToolsVersion = 10.1;
						TestTargetID = BE597DFC218DA837007E447A;
					};
					BE597E1B218DA838007E447A = {
						CreatedOnToolsVersion = 10.1;
						TestTargetID = BE597DFC218DA837007E447A;
					};
				};
			};
			buildConfigurationList = BE597DF8218DA837007E447A /* Build configuration list for PBXProject "MyVMapOnTheGo" */;
			compatibilityVersion = "Xcode 9.3";
			developmentRegion = en;
			hasScannedForEncodings = 0;
			knownRegions = (
				en,
				Base,
			);
			mainGroup = BE597DF4218DA837007E447A;
			productRefGroup = BE597DFE218DA837007E447A /* Products */;
			projectDirPath = "";
			projectRoot = "";
			targets = (
				BE597DFC218DA837007E447A /* MyVMapOnTheGo */,
				BE597E10218DA838007E447A /* MyVMapOnTheGoTests */,
				BE597E1B218DA838007E447A /* MyVMapOnTheGoUITests */,
			);
		};
/* End PBXProject section */

/* Begin PBXResourcesBuildPhase section */
		BE597DFB218DA837007E447A /* Resources */ = {
			isa = PBXResourcesBuildPhase;
			buildActionMask = 2147483647;
			files = (
				BE597E0B218DA838007E447A /* LaunchScreen.storyboard in Resources */,
				BE597E08218DA838007E447A /* Assets.xcassets in Resources */,
				BE597E35218DAE3D007E447A /* Podfile in Resources */,
				BE597E3B218DDC80007E447A /* Default-568h@2x.png in Resources */,
				BE597E06218DA837007E447A /* Main.storyboard in Resources */,
				BE597E3F218DE66D007E447A /* GoogleService-Info.plist in Resources */,
			);
			runOnlyForDeploymentPostprocessing = 0;
		};
		BE597E0F218DA838007E447A /* Resources */ = {
			isa = PBXResourcesBuildPhase;
			buildActionMask = 2147483647;
			files = (
			);
			runOnlyForDeploymentPostprocessing = 0;
		};
		BE597E1A218DA838007E447A /* Resources */ = {
			isa = PBXResourcesBuildPhase;
			buildActionMask = 2147483647;
			files = (
			);
			runOnlyForDeploymentPostprocessing = 0;
		};
/* End PBXResourcesBuildPhase section */

/* Begin PBXShellScriptBuildPhase section */
		6105119F6F06EF4A12655E88 /* [CP] Check Pods Manifest.lock */ = {
			isa = PBXShellScriptBuildPhase;
			buildActionMask = 2147483647;
			files = (
			);
			inputFileListPaths = (
			);
			inputPaths = (
				"${PODS_PODFILE_DIR_PATH}/Podfile.lock",
				"${PODS_ROOT}/Manifest.lock",
			);
			name = "[CP] Check Pods Manifest.lock";
			outputFileListPaths = (
			);
			outputPaths = (
				"$(DERIVED_FILE_DIR)/Pods-MyVMapOnTheGo-checkManifestLockResult.txt",
			);
			runOnlyForDeploymentPostprocessing = 0;
			shellPath = /bin/sh;
			shellScript = "diff \"${PODS_PODFILE_DIR_PATH}/Podfile.lock\" \"${PODS_ROOT}/Manifest.lock\" > /dev/null\nif [ $? != 0 ] ; then\n    # print error to STDERR\n    echo \"error: The sandbox is not in sync with the Podfile.lock. Run 'pod install' or update your CocoaPods installation.\" >&2\n    exit 1\nfi\n# This output is used by Xcode 'outputs' to avoid re-running this script phase.\necho \"SUCCESS\" > \"${SCRIPT_OUTPUT_FILE_0}\"\n";
			showEnvVarsInLog = 0;
		};
		9C5B729F982E4B3ABDD15FC3 /* [CP] Copy Pods Resources */ = {
			isa = PBXShellScriptBuildPhase;
			buildActionMask = 2147483647;
			files = (
			);
			inputFileListPaths = (
			);
			inputPaths = (
				"${SRCROOT}/MyVMapOnTheGo/Pods/Target Support Files/Pods-MyVMapOnTheGo/Pods-MyVMapOnTheGo-resources.sh",
				"${PODS_ROOT}/GTMOAuth2/Source/Touch/GTMOAuth2ViewTouch.xib",
				"${PODS_ROOT}/GoogleSignIn/Resources/GoogleSignIn.bundle",
			);
			name = "[CP] Copy Pods Resources";
			outputFileListPaths = (
			);
			outputPaths = (
				"${TARGET_BUILD_DIR}/${UNLOCALIZED_RESOURCES_FOLDER_PATH}/GTMOAuth2ViewTouch.nib",
				"${TARGET_BUILD_DIR}/${UNLOCALIZED_RESOURCES_FOLDER_PATH}/GoogleSignIn.bundle",
			);
			runOnlyForDeploymentPostprocessing = 0;
			shellPath = /bin/sh;
			shellScript = "\"${SRCROOT}/MyVMapOnTheGo/Pods/Target Support Files/Pods-MyVMapOnTheGo/Pods-MyVMapOnTheGo-resources.sh\"\n";
			showEnvVarsInLog = 0;
		};
/* End PBXShellScriptBuildPhase section */

/* Begin PBXSourcesBuildPhase section */
		BE597DF9218DA837007E447A /* Sources */ = {
			isa = PBXSourcesBuildPhase;
			buildActionMask = 2147483647;
			files = (
				BE98FD562196E42E00DC9D4D /* UdacityClient.swift in Sources */,
				BE98FD582196E43C00DC9D4D /* ParseClient.swift in Sources */,
				BE4E20122196DEE8001FA836 /* LoginViewController.swift in Sources */,
				BE9F361421A003AF00957323 /* UdacityConvenience.swift in Sources */,
				BE597E01218DA837007E447A /* AppDelegate.swift in Sources */,
				BEE2067921B2528D00676D35 /* ParseConstants.swift in Sources */,
				BE4E20152196DF35001FA836 /* StyledButton.swift in Sources */,
				BE98FD5B2196EA1D00DC9D4D /* UdacityConstants.swift in Sources */,
				BE9F361221A0031600957323 /* GCDBlackBox.swift in Sources */,
			);
			runOnlyForDeploymentPostprocessing = 0;
		};
		BE597E0D218DA838007E447A /* Sources */ = {
			isa = PBXSourcesBuildPhase;
			buildActionMask = 2147483647;
			files = (
				BE597E16218DA838007E447A /* MyVMapOnTheGoTests.swift in Sources */,
			);
			runOnlyForDeploymentPostprocessing = 0;
		};
		BE597E18218DA838007E447A /* Sources */ = {
			isa = PBXSourcesBuildPhase;
			buildActionMask = 2147483647;
			files = (
				BE597E21218DA838007E447A /* MyVMapOnTheGoUITests.swift in Sources */,
			);
			runOnlyForDeploymentPostprocessing = 0;
		};
/* End PBXSourcesBuildPhase section */

/* Begin PBXTargetDependency section */
		BE597E13218DA838007E447A /* PBXTargetDependency */ = {
			isa = PBXTargetDependency;
			target = BE597DFC218DA837007E447A /* MyVMapOnTheGo */;
			targetProxy = BE597E12218DA838007E447A /* PBXContainerItemProxy */;
		};
		BE597E1E218DA838007E447A /* PBXTargetDependency */ = {
			isa = PBXTargetDependency;
			target = BE597DFC218DA837007E447A /* MyVMapOnTheGo */;
			targetProxy = BE597E1D218DA838007E447A /* PBXContainerItemProxy */;
		};
/* End PBXTargetDependency section */

/* Begin PBXVariantGroup section */
		BE597E04218DA837007E447A /* Main.storyboard */ = {
			isa = PBXVariantGroup;
			children = (
				BE597E05218DA837007E447A /* Base */,
			);
			name = Main.storyboard;
			sourceTree = "<group>";
		};
		BE597E09218DA838007E447A /* LaunchScreen.storyboard */ = {
			isa = PBXVariantGroup;
			children = (
				BE597E0A218DA838007E447A /* Base */,
			);
			name = LaunchScreen.storyboard;
			sourceTree = "<group>";
		};
/* End PBXVariantGroup section */

/* Begin XCBuildConfiguration section */
		BE597E23218DA838007E447A /* Debug */ = {
			isa = XCBuildConfiguration;
			buildSettings = {
				ALWAYS_SEARCH_USER_PATHS = NO;
				CLANG_ANALYZER_NONNULL = YES;
				CLANG_ANALYZER_NUMBER_OBJECT_CONVERSION = YES_AGGRESSIVE;
				CLANG_CXX_LANGUAGE_STANDARD = "gnu++14";
				CLANG_CXX_LIBRARY = "libc++";
				CLANG_ENABLE_MODULES = YES;
				CLANG_ENABLE_OBJC_ARC = YES;
				CLANG_ENABLE_OBJC_WEAK = YES;
				CLANG_WARN_BLOCK_CAPTURE_AUTORELEASING = YES;
				CLANG_WARN_BOOL_CONVERSION = YES;
				CLANG_WARN_COMMA = YES;
				CLANG_WARN_CONSTANT_CONVERSION = YES;
				CLANG_WARN_DEPRECATED_OBJC_IMPLEMENTATIONS = YES;
				CLANG_WARN_DIRECT_OBJC_ISA_USAGE = YES_ERROR;
				CLANG_WARN_DOCUMENTATION_COMMENTS = YES;
				CLANG_WARN_EMPTY_BODY = YES;
				CLANG_WARN_ENUM_CONVERSION = YES;
				CLANG_WARN_INFINITE_RECURSION = YES;
				CLANG_WARN_INT_CONVERSION = YES;
				CLANG_WARN_NON_LITERAL_NULL_CONVERSION = YES;
				CLANG_WARN_OBJC_IMPLICIT_RETAIN_SELF = YES;
				CLANG_WARN_OBJC_LITERAL_CONVERSION = YES;
				CLANG_WARN_OBJC_ROOT_CLASS = YES_ERROR;
				CLANG_WARN_RANGE_LOOP_ANALYSIS = YES;
				CLANG_WARN_STRICT_PROTOTYPES = YES;
				CLANG_WARN_SUSPICIOUS_MOVE = YES;
				CLANG_WARN_UNGUARDED_AVAILABILITY = YES_AGGRESSIVE;
				CLANG_WARN_UNREACHABLE_CODE = YES;
				CLANG_WARN__DUPLICATE_METHOD_MATCH = YES;
				CODE_SIGN_IDENTITY = "iPhone Developer";
				COPY_PHASE_STRIP = NO;
				DEBUG_INFORMATION_FORMAT = dwarf;
				ENABLE_STRICT_OBJC_MSGSEND = YES;
				ENABLE_TESTABILITY = YES;
				GCC_C_LANGUAGE_STANDARD = gnu11;
				GCC_DYNAMIC_NO_PIC = NO;
				GCC_NO_COMMON_BLOCKS = YES;
				GCC_OPTIMIZATION_LEVEL = 0;
				GCC_PREPROCESSOR_DEFINITIONS = (
					"DEBUG=1",
					"$(inherited)",
				);
				GCC_WARN_64_TO_32_BIT_CONVERSION = YES;
				GCC_WARN_ABOUT_RETURN_TYPE = YES_ERROR;
				GCC_WARN_UNDECLARED_SELECTOR = YES;
				GCC_WARN_UNINITIALIZED_AUTOS = YES_AGGRESSIVE;
				GCC_WARN_UNUSED_FUNCTION = YES;
				GCC_WARN_UNUSED_VARIABLE = YES;
				IPHONEOS_DEPLOYMENT_TARGET = 12.1;
				MTL_ENABLE_DEBUG_INFO = INCLUDE_SOURCE;
				MTL_FAST_MATH = YES;
				ONLY_ACTIVE_ARCH = YES;
				SDKROOT = iphoneos;
				SWIFT_ACTIVE_COMPILATION_CONDITIONS = DEBUG;
				SWIFT_OPTIMIZATION_LEVEL = "-Onone";
			};
			name = Debug;
		};
		BE597E24218DA838007E447A /* Release */ = {
			isa = XCBuildConfiguration;
			buildSettings = {
				ALWAYS_SEARCH_USER_PATHS = NO;
				CLANG_ANALYZER_NONNULL = YES;
				CLANG_ANALYZER_NUMBER_OBJECT_CONVERSION = YES_AGGRESSIVE;
				CLANG_CXX_LANGUAGE_STANDARD = "gnu++14";
				CLANG_CXX_LIBRARY = "libc++";
				CLANG_ENABLE_MODULES = YES;
				CLANG_ENABLE_OBJC_ARC = YES;
				CLANG_ENABLE_OBJC_WEAK = YES;
				CLANG_WARN_BLOCK_CAPTURE_AUTORELEASING = YES;
				CLANG_WARN_BOOL_CONVERSION = YES;
				CLANG_WARN_COMMA = YES;
				CLANG_WARN_CONSTANT_CONVERSION = YES;
				CLANG_WARN_DEPRECATED_OBJC_IMPLEMENTATIONS = YES;
				CLANG_WARN_DIRECT_OBJC_ISA_USAGE = YES_ERROR;
				CLANG_WARN_DOCUMENTATION_COMMENTS = YES;
				CLANG_WARN_EMPTY_BODY = YES;
				CLANG_WARN_ENUM_CONVERSION = YES;
				CLANG_WARN_INFINITE_RECURSION = YES;
				CLANG_WARN_INT_CONVERSION = YES;
				CLANG_WARN_NON_LITERAL_NULL_CONVERSION = YES;
				CLANG_WARN_OBJC_IMPLICIT_RETAIN_SELF = YES;
				CLANG_WARN_OBJC_LITERAL_CONVERSION = YES;
				CLANG_WARN_OBJC_ROOT_CLASS = YES_ERROR;
				CLANG_WARN_RANGE_LOOP_ANALYSIS = YES;
				CLANG_WARN_STRICT_PROTOTYPES = YES;
				CLANG_WARN_SUSPICIOUS_MOVE = YES;
				CLANG_WARN_UNGUARDED_AVAILABILITY = YES_AGGRESSIVE;
				CLANG_WARN_UNREACHABLE_CODE = YES;
				CLANG_WARN__DUPLICATE_METHOD_MATCH = YES;
				CODE_SIGN_IDENTITY = "iPhone Developer";
				COPY_PHASE_STRIP = NO;
				DEBUG_INFORMATION_FORMAT = "dwarf-with-dsym";
				ENABLE_NS_ASSERTIONS = NO;
				ENABLE_STRICT_OBJC_MSGSEND = YES;
				GCC_C_LANGUAGE_STANDARD = gnu11;
				GCC_NO_COMMON_BLOCKS = YES;
				GCC_WARN_64_TO_32_BIT_CONVERSION = YES;
				GCC_WARN_ABOUT_RETURN_TYPE = YES_ERROR;
				GCC_WARN_UNDECLARED_SELECTOR = YES;
				GCC_WARN_UNINITIALIZED_AUTOS = YES_AGGRESSIVE;
				GCC_WARN_UNUSED_FUNCTION = YES;
				GCC_WARN_UNUSED_VARIABLE = YES;
				IPHONEOS_DEPLOYMENT_TARGET = 12.1;
				MTL_ENABLE_DEBUG_INFO = NO;
				MTL_FAST_MATH = YES;
				SDKROOT = iphoneos;
				SWIFT_COMPILATION_MODE = wholemodule;
				SWIFT_OPTIMIZATION_LEVEL = "-O";
				VALIDATE_PRODUCT = YES;
			};
			name = Release;
		};
		BE597E26218DA838007E447A /* Debug */ = {
			isa = XCBuildConfiguration;
			baseConfigurationReference = 42929F5C6F8A0C155FF3E8C4 /* Pods-MyVMapOnTheGo.debug.xcconfig */;
			buildSettings = {
				ASSETCATALOG_COMPILER_APPICON_NAME = AppIcon;
				CODE_SIGN_STYLE = Automatic;
				DEVELOPMENT_TEAM = BN7L87E827;
				INFOPLIST_FILE = MyVMapOnTheGo/Info.plist;
				IPHONEOS_DEPLOYMENT_TARGET = 12.1;
				LD_RUNPATH_SEARCH_PATHS = (
					"$(inherited)",
					"@executable_path/Frameworks",
				);
				PRODUCT_BUNDLE_IDENTIFIER = com.vedarth.mapsonthego.MyVMapOnTheGo;
				PRODUCT_NAME = "$(TARGET_NAME)";
				SWIFT_VERSION = 4.2;
				TARGETED_DEVICE_FAMILY = "1,2";
			};
			name = Debug;
		};
		BE597E27218DA838007E447A /* Release */ = {
			isa = XCBuildConfiguration;
			baseConfigurationReference = 6F02160908C2F2CCB6295BCF /* Pods-MyVMapOnTheGo.release.xcconfig */;
			buildSettings = {
				ASSETCATALOG_COMPILER_APPICON_NAME = AppIcon;
				CODE_SIGN_STYLE = Automatic;
				DEVELOPMENT_TEAM = BN7L87E827;
				INFOPLIST_FILE = MyVMapOnTheGo/Info.plist;
				IPHONEOS_DEPLOYMENT_TARGET = 12.1;
				LD_RUNPATH_SEARCH_PATHS = (
					"$(inherited)",
					"@executable_path/Frameworks",
				);
				PRODUCT_BUNDLE_IDENTIFIER = com.vedarth.mapsonthego.MyVMapOnTheGo;
				PRODUCT_NAME = "$(TARGET_NAME)";
				SWIFT_VERSION = 4.2;
				TARGETED_DEVICE_FAMILY = "1,2";
			};
			name = Release;
		};
		BE597E29218DA838007E447A /* Debug */ = {
			isa = XCBuildConfiguration;
			buildSettings = {
				ALWAYS_EMBED_SWIFT_STANDARD_LIBRARIES = YES;
				BUNDLE_LOADER = "$(TEST_HOST)";
				CODE_SIGN_STYLE = Automatic;
				DEVELOPMENT_TEAM = BN7L87E827;
				INFOPLIST_FILE = MyVMapOnTheGoTests/Info.plist;
				LD_RUNPATH_SEARCH_PATHS = (
					"$(inherited)",
					"@executable_path/Frameworks",
					"@loader_path/Frameworks",
				);
				PRODUCT_BUNDLE_IDENTIFIER = com.vedarth.mapsonthego.MyVMapOnTheGoTests;
				PRODUCT_NAME = "$(TARGET_NAME)";
				SWIFT_VERSION = 4.2;
				TARGETED_DEVICE_FAMILY = "1,2";
				TEST_HOST = "$(BUILT_PRODUCTS_DIR)/MyVMapOnTheGo.app/MyVMapOnTheGo";
			};
			name = Debug;
		};
		BE597E2A218DA838007E447A /* Release */ = {
			isa = XCBuildConfiguration;
			buildSettings = {
				ALWAYS_EMBED_SWIFT_STANDARD_LIBRARIES = YES;
				BUNDLE_LOADER = "$(TEST_HOST)";
				CODE_SIGN_STYLE = Automatic;
				DEVELOPMENT_TEAM = BN7L87E827;
				INFOPLIST_FILE = MyVMapOnTheGoTests/Info.plist;
				LD_RUNPATH_SEARCH_PATHS = (
					"$(inherited)",
					"@executable_path/Frameworks",
					"@loader_path/Frameworks",
				);
				PRODUCT_BUNDLE_IDENTIFIER = com.vedarth.mapsonthego.MyVMapOnTheGoTests;
				PRODUCT_NAME = "$(TARGET_NAME)";
				SWIFT_VERSION = 4.2;
				TARGETED_DEVICE_FAMILY = "1,2";
				TEST_HOST = "$(BUILT_PRODUCTS_DIR)/MyVMapOnTheGo.app/MyVMapOnTheGo";
			};
			name = Release;
		};
		BE597E2C218DA838007E447A /* Debug */ = {
			isa = XCBuildConfiguration;
			buildSettings = {
				ALWAYS_EMBED_SWIFT_STANDARD_LIBRARIES = YES;
				CODE_SIGN_STYLE = Automatic;
				DEVELOPMENT_TEAM = BN7L87E827;
				INFOPLIST_FILE = MyVMapOnTheGoUITests/Info.plist;
				LD_RUNPATH_SEARCH_PATHS = (
					"$(inherited)",
					"@executable_path/Frameworks",
					"@loader_path/Frameworks",
				);
				PRODUCT_BUNDLE_IDENTIFIER = com.vedarth.mapsonthego.MyVMapOnTheGoUITests;
				PRODUCT_NAME = "$(TARGET_NAME)";
				SWIFT_VERSION = 4.2;
				TARGETED_DEVICE_FAMILY = "1,2";
				TEST_TARGET_NAME = MyVMapOnTheGo;
			};
			name = Debug;
		};
		BE597E2D218DA838007E447A /* Release */ = {
			isa = XCBuildConfiguration;
			buildSettings = {
				ALWAYS_EMBED_SWIFT_STANDARD_LIBRARIES = YES;
				CODE_SIGN_STYLE = Automatic;
				DEVELOPMENT_TEAM = BN7L87E827;
				INFOPLIST_FILE = MyVMapOnTheGoUITests/Info.plist;
				LD_RUNPATH_SEARCH_PATHS = (
					"$(inherited)",
					"@executable_path/Frameworks",
					"@loader_path/Frameworks",
				);
				PRODUCT_BUNDLE_IDENTIFIER = com.vedarth.mapsonthego.MyVMapOnTheGoUITests;
				PRODUCT_NAME = "$(TARGET_NAME)";
				SWIFT_VERSION = 4.2;
				TARGETED_DEVICE_FAMILY = "1,2";
				TEST_TARGET_NAME = MyVMapOnTheGo;
			};
			name = Release;
		};
/* End XCBuildConfiguration section */

/* Begin XCConfigurationList section */
		BE597DF8218DA837007E447A /* Build configuration list for PBXProject "MyVMapOnTheGo" */ = {
			isa = XCConfigurationList;
			buildConfigurations = (
				BE597E23218DA838007E447A /* Debug */,
				BE597E24218DA838007E447A /* Release */,
			);
			defaultConfigurationIsVisible = 0;
			defaultConfigurationName = Release;
		};
		BE597E25218DA838007E447A /* Build configuration list for PBXNativeTarget "MyVMapOnTheGo" */ = {
			isa = XCConfigurationList;
			buildConfigurations = (
				BE597E26218DA838007E447A /* Debug */,
				BE597E27218DA838007E447A /* Release */,
			);
			defaultConfigurationIsVisible = 0;
			defaultConfigurationName = Release;
		};
		BE597E28218DA838007E447A /* Build configuration list for PBXNativeTarget "MyVMapOnTheGoTests" */ = {
			isa = XCConfigurationList;
			buildConfigurations = (
				BE597E29218DA838007E447A /* Debug */,
				BE597E2A218DA838007E447A /* Release */,
			);
			defaultConfigurationIsVisible = 0;
			defaultConfigurationName = Release;
		};
		BE597E2B218DA838007E447A /* Build configuration list for PBXNativeTarget "MyVMapOnTheGoUITests" */ = {
			isa = XCConfigurationList;
			buildConfigurations = (
				BE597E2C218DA838007E447A /* Debug */,
				BE597E2D218DA838007E447A /* Release */,
			);
			defaultConfigurationIsVisible = 0;
			defaultConfigurationName = Release;
		};
/* End XCConfigurationList section */
	};
	rootObject = BE597DF5218DA837007E447A /* Project object */;
}
